# This file is generated by running "yarn install" inside your project.
# Manual changes might be lost - proceed with caution!

__metadata:
  version: 6

"@version-bump/shared@1.0.0, @version-bump/shared@workspace:@version-bump/shared":
  version: 0.0.0-use.local
  resolution: "@version-bump/shared@workspace:@version-bump/shared"
  languageName: unknown
  linkType: soft

"app@workspace:app":
  version: 0.0.0-use.local
  resolution: "app@workspace:app"
  dependencies:
    "@version-bump/shared": 1.0.0
  languageName: unknown
  linkType: soft

"version-bump@workspace:.":
  version: 0.0.0-use.local
  resolution: "version-bump@workspace:."
  languageName: unknown
  linkType: soft
